
Microsoft Visual Studio Solution File, Format Version 12.00
# Visual Studio Version 17
VisualStudioVersion = 17.7.34009.444
MinimumVisualStudioVersion = 10.0.40219.1
Project("{FAE04EC0-301F-11D3-BF4B-00C04F79EFBC}") = "QuanLyNhaHang", "QuanLyNhaHang\QuanLyNhaHang.csproj", "{BF800E62-E167-4CAA-B044-FB858E217DC0}"
EndProject
Global
	GlobalSection(SolutionConfigurationPlatforms) = preSolution
		Debug|Any CPU = Debug|Any CPU
		Release|Any CPU = Release|Any CPU
	EndGlobalSection
	GlobalSection(ProjectConfigurationPlatforms) = postSolution
		{BF800E62-E167-4CAA-B044-FB858E217DC0}.Debug|Any CPU.ActiveCfg = Debug|Any CPU
		{BF800E62-E167-4CAA-B044-FB858E217DC0}.Debug|Any CPU.Build.0 = Debug|Any CPU
		{BF800E62-E167-4CAA-B044-FB858E217DC0}.Release|Any CPU.ActiveCfg = Release|Any CPU
		{BF800E62-E167-4CAA-B044-FB858E217DC0}.Release|Any CPU.Build.0 = Release|Any CPU
	EndGlobalSection
	GlobalSection(SolutionProperties) = preSolution
		HideSolutionNode = FALSE
	EndGlobalSection
	GlobalSection(ExtensibilityGlobals) = postSolution
		SolutionGuid = {B814CED7-3C4F-4531-9BCE-2753CD93D21D}
	EndGlobalSection
EndGlobal
